
Microsoft Visual Studio Solution File, Format Version 12.00
# Visual Studio Version 16
VisualStudioVersion = 16.0.29503.13
MinimumVisualStudioVersion = 10.0.40219.1
Project("{FAE04EC0-301F-11D3-BF4B-00C04F79EFBC}") = "BowlingScoreCalculator", "BowlingScoreCalculator\BowlingScoreCalculator.csproj", "{427A5A81-B50C-415E-BE55-B47A82539F60}"
EndProject
Global
	GlobalSection(SolutionConfigurationPlatforms) = preSolution
		Debug|Any CPU = Debug|Any CPU
		Release|Any CPU = Release|Any CPU
	EndGlobalSection
	GlobalSection(ProjectConfigurationPlatforms) = postSolution
		{427A5A81-B50C-415E-BE55-B47A82539F60}.Debug|Any CPU.ActiveCfg = Debug|Any CPU
		{427A5A81-B50C-415E-BE55-B47A82539F60}.Debug|Any CPU.Build.0 = Debug|Any CPU
		{427A5A81-B50C-415E-BE55-B47A82539F60}.Release|Any CPU.ActiveCfg = Release|Any CPU
		{427A5A81-B50C-415E-BE55-B47A82539F60}.Release|Any CPU.Build.0 = Release|Any CPU
	EndGlobalSection
	GlobalSection(SolutionProperties) = preSolution
		HideSolutionNode = FALSE
	EndGlobalSection
	GlobalSection(ExtensibilityGlobals) = postSolution
		SolutionGuid = {73FD4F8C-63BA-4A71-ACF6-A51056F9A561}
	EndGlobalSection
EndGlobal
